
Microsoft Visual Studio Solution File, Format Version 12.00
# Visual Studio 15
VisualStudioVersion = 15.0.28010.2003
MinimumVisualStudioVersion = 10.0.40219.1
Project("{FAE04EC0-301F-11D3-BF4B-00C04F79EFBC}") = "Arboles", "Arboles\Arboles.csproj", "{7F985AF6-33C2-475B-86B4-B3D66836241B}"
EndProject
Global
	GlobalSection(SolutionConfigurationPlatforms) = preSolution
		Debug|Any CPU = Debug|Any CPU
		Release|Any CPU = Release|Any CPU
	EndGlobalSection
	GlobalSection(ProjectConfigurationPlatforms) = postSolution
		{7F985AF6-33C2-475B-86B4-B3D66836241B}.Debug|Any CPU.ActiveCfg = Debug|Any CPU
		{7F985AF6-33C2-475B-86B4-B3D66836241B}.Debug|Any CPU.Build.0 = Debug|Any CPU
		{7F985AF6-33C2-475B-86B4-B3D66836241B}.Release|Any CPU.ActiveCfg = Release|Any CPU
		{7F985AF6-33C2-475B-86B4-B3D66836241B}.Release|Any CPU.Build.0 = Release|Any CPU
	EndGlobalSection
	GlobalSection(SolutionProperties) = preSolution
		HideSolutionNode = FALSE
	EndGlobalSection
	GlobalSection(ExtensibilityGlobals) = postSolution
		SolutionGuid = {E0910CFA-B067-4529-9B4B-8B3DD77AE3C1}
	EndGlobalSection
EndGlobal
